// !$*UTF8*$!
{
	archiveVersion = 1;
	classes = {
	};
	objectVersion = 46;
	objects = {

/* Begin PBXBuildFile section */
		FE37342616229BA00035F3C3 /* DNPacket.m in Sources */ = {isa = PBXBuildFile; fileRef = FE900557162282F80053C92D /* DNPacket.m */; };
		FE37342716229BA00035F3C3 /* DNSocket.m in Sources */ = {isa = PBXBuildFile; fileRef = FE900558162282F80053C92D /* DNSocket.m */; };
		FE7D4200162C54BE00A31780 /* DNKeySender.m in Sources */ = {isa = PBXBuildFile; fileRef = FE7D41FF162C54BE00A31780 /* DNKeySender.m */; };
		FE90053616227B390053C92D /* Cocoa.framework in Frameworks */ = {isa = PBXBuildFile; fileRef = FE90053516227B390053C92D /* Cocoa.framework */; };
		FE90054016227B390053C92D /* InfoPlist.strings in Resources */ = {isa = PBXBuildFile; fileRef = FE90053E16227B390053C92D /* InfoPlist.strings */; };
		FE90054216227B390053C92D /* main.m in Sources */ = {isa = PBXBuildFile; fileRef = FE90054116227B390053C92D /* main.m */; };
		FE90054616227B390053C92D /* Credits.rtf in Resources */ = {isa = PBXBuildFile; fileRef = FE90054416227B390053C92D /* Credits.rtf */; };
		FE90054916227B390053C92D /* AppDelegate.m in Sources */ = {isa = PBXBuildFile; fileRef = FE90054816227B390053C92D /* AppDelegate.m */; };
		FE90054C16227B3A0053C92D /* MainMenu.xib in Resources */ = {isa = PBXBuildFile; fileRef = FE90054A16227B3A0053C92D /* MainMenu.xib */; };
		FEA08F9F1634D80C00E18670 /* rpr.iconset in Resources */ = {isa = PBXBuildFile; fileRef = FEA08F9E1634D80C00E18670 /* rpr.iconset */; };
		FEADC7DB164240E800CB7351 /* DNGlobal.m in Sources */ = {isa = PBXBuildFile; fileRef = FEADC7DA164240E800CB7351 /* DNGlobal.m */; };
		FEEE5B3A162D0AED00251809 /* Carbon.framework in Frameworks */ = {isa = PBXBuildFile; fileRef = FEEE5B39162D0AED00251809 /* Carbon.framework */; };
/* End PBXBuildFile section */

/* Begin PBXFileReference section */
		FE7D41FE162C54BE00A31780 /* DNKeySender.h */ = {isa = PBXFileReference; fileEncoding = 4; lastKnownFileType = sourcecode.c.h; path = DNKeySender.h; sourceTree = "<group>"; };
		FE7D41FF162C54BE00A31780 /* DNKeySender.m */ = {isa = PBXFileReference; fileEncoding = 4; lastKnownFileType = sourcecode.c.objc; path = DNKeySender.m; sourceTree = "<group>"; };
		FE90053116227B390053C92D /* RemotePackReceiver.app */ = {isa = PBXFileReference; explicitFileType = wrapper.application; includeInIndex = 0; path = RemotePackReceiver.app; sourceTree = BUILT_PRODUCTS_DIR; };
		FE90053516227B390053C92D /* Cocoa.framework */ = {isa = PBXFileReference; lastKnownFileType = wrapper.framework; name = Cocoa.framework; path = System/Library/Frameworks/Cocoa.framework; sourceTree = SDKROOT; };
		FE90053816227B390053C92D /* AppKit.framework */ = {isa = PBXFileReference; lastKnownFileType = wrapper.framework; name = AppKit.framework; path = System/Library/Frameworks/AppKit.framework; sourceTree = SDKROOT; };
		FE90053916227B390053C92D /* CoreData.framework */ = {isa = PBXFileReference; lastKnownFileType = wrapper.framework; name = CoreData.framework; path = System/Library/Frameworks/CoreData.framework; sourceTree = SDKROOT; };
		FE90053A16227B390053C92D /* Foundation.framework */ = {isa = PBXFileReference; lastKnownFileType = wrapper.framework; name = Foundation.framework; path = System/Library/Frameworks/Foundation.framework; sourceTree = SDKROOT; };
		FE90053D16227B390053C92D /* RemotePackReceiver-Info.plist */ = {isa = PBXFileReference; lastKnownFileType = text.plist.xml; path = "RemotePackReceiver-Info.plist"; sourceTree = "<group>"; };
		FE90053F16227B390053C92D /* en */ = {isa = PBXFileReference; lastKnownFileType = text.plist.strings; name = en; path = en.lproj/InfoPlist.strings; sourceTree = "<group>"; };
		FE90054116227B390053C92D /* main.m */ = {isa = PBXFileReference; lastKnownFileType = sourcecode.c.objc; path = main.m; sourceTree = "<group>"; };
		FE90054316227B390053C92D /* RemotePackReceiver-Prefix.pch */ = {isa = PBXFileReference; lastKnownFileType = sourcecode.c.h; path = "RemotePackReceiver-Prefix.pch"; sourceTree = "<group>"; };
		FE90054516227B390053C92D /* en */ = {isa = PBXFileReference; lastKnownFileType = text.rtf; name = en; path = en.lproj/Credits.rtf; sourceTree = "<group>"; };
		FE90054716227B390053C92D /* AppDelegate.h */ = {isa = PBXFileReference; lastKnownFileType = sourcecode.c.h; path = AppDelegate.h; sourceTree = "<group>"; };
		FE90054816227B390053C92D /* AppDelegate.m */ = {isa = PBXFileReference; lastKnownFileType = sourcecode.c.objc; path = AppDelegate.m; sourceTree = "<group>"; };
		FE90054B16227B3A0053C92D /* en */ = {isa = PBXFileReference; lastKnownFileType = file.xib; name = en; path = en.lproj/MainMenu.xib; sourceTree = "<group>"; };
		FE900555162282F80053C92D /* DNPacket.h */ = {isa = PBXFileReference; lastKnownFileType = sourcecode.c.h; path = DNPacket.h; sourceTree = "<group>"; };
		FE900556162282F80053C92D /* DNSocket.h */ = {isa = PBXFileReference; lastKnownFileType = sourcecode.c.h; path = DNSocket.h; sourceTree = "<group>"; };
		FE900557162282F80053C92D /* DNPacket.m */ = {isa = PBXFileReference; lastKnownFileType = sourcecode.c.objc; path = DNPacket.m; sourceTree = "<group>"; };
		FE900558162282F80053C92D /* DNSocket.m */ = {isa = PBXFileReference; lastKnownFileType = sourcecode.c.objc; path = DNSocket.m; sourceTree = "<group>"; };
		FEA08F9E1634D80C00E18670 /* rpr.iconset */ = {isa = PBXFileReference; lastKnownFileType = folder.iconset; name = rpr.iconset; path = ../rpr.iconset; sourceTree = "<group>"; };
		FEADC7D9164240E800CB7351 /* DNGlobal.h */ = {isa = PBXFileReference; fileEncoding = 4; lastKnownFileType = sourcecode.c.h; path = DNGlobal.h; sourceTree = "<group>"; };
		FEADC7DA164240E800CB7351 /* DNGlobal.m */ = {isa = PBXFileReference; fileEncoding = 4; lastKnownFileType = sourcecode.c.objc; path = DNGlobal.m; sourceTree = "<group>"; };
		FEEE5B39162D0AED00251809 /* Carbon.framework */ = {isa = PBXFileReference; lastKnownFileType = wrapper.framework; name = Carbon.framework; path = System/Library/Frameworks/Carbon.framework; sourceTree = SDKROOT; };
/* End PBXFileReference section */

/* Begin PBXFrameworksBuildPhase section */
		FE90052E16227B390053C92D /* Frameworks */ = {
			isa = PBXFrameworksBuildPhase;
			buildActionMask = 2147483647;
			files = (
				FEEE5B3A162D0AED00251809 /* Carbon.framework in Frameworks */,
				FE90053616227B390053C92D /* Cocoa.framework in Frameworks */,
			);
			runOnlyForDeploymentPostprocessing = 0;
		};
/* End PBXFrameworksBuildPhase section */

/* Begin PBXGroup section */
		FE90052616227B390053C92D = {
			isa = PBXGroup;
			children = (
				FE90053B16227B390053C92D /* RemotePackReceiver */,
				FE90053416227B390053C92D /* Frameworks */,
				FE90053216227B390053C92D /* Products */,
			);
			sourceTree = "<group>";
		};
		FE90053216227B390053C92D /* Products */ = {
			isa = PBXGroup;
			children = (
				FE90053116227B390053C92D /* RemotePackReceiver.app */,
			);
			name = Products;
			sourceTree = "<group>";
		};
		FE90053416227B390053C92D /* Frameworks */ = {
			isa = PBXGroup;
			children = (
				FEEE5B39162D0AED00251809 /* Carbon.framework */,
				FE90053516227B390053C92D /* Cocoa.framework */,
				FE90053716227B390053C92D /* Other Frameworks */,
			);
			name = Frameworks;
			sourceTree = "<group>";
		};
		FE90053716227B390053C92D /* Other Frameworks */ = {
			isa = PBXGroup;
			children = (
				FE90053816227B390053C92D /* AppKit.framework */,
				FE90053916227B390053C92D /* CoreData.framework */,
				FE90053A16227B390053C92D /* Foundation.framework */,
			);
			name = "Other Frameworks";
			sourceTree = "<group>";
		};
		FE90053B16227B390053C92D /* RemotePackReceiver */ = {
			isa = PBXGroup;
			children = (
				FE900552162282C50053C92D /* Utilities */,
				FE90054716227B390053C92D /* AppDelegate.h */,
				FE90054816227B390053C92D /* AppDelegate.m */,
				FE90054A16227B3A0053C92D /* MainMenu.xib */,
				FE90053C16227B390053C92D /* Supporting Files */,
			);
			path = RemotePackReceiver;
			sourceTree = "<group>";
		};
		FE90053C16227B390053C92D /* Supporting Files */ = {
			isa = PBXGroup;
			children = (
				FEA08F9E1634D80C00E18670 /* rpr.iconset */,
				FE90053D16227B390053C92D /* RemotePackReceiver-Info.plist */,
				FE90053E16227B390053C92D /* InfoPlist.strings */,
				FE90054116227B390053C92D /* main.m */,
				FE90054316227B390053C92D /* RemotePackReceiver-Prefix.pch */,
				FE90054416227B390053C92D /* Credits.rtf */,
			);
			name = "Supporting Files";
			sourceTree = "<group>";
		};
		FE900552162282C50053C92D /* Utilities */ = {
			isa = PBXGroup;
			children = (
				FE900554162282DA0053C92D /* Headers */,
				FE900553162282D40053C92D /* Sources */,
			);
			name = Utilities;
			sourceTree = "<group>";
		};
		FE900553162282D40053C92D /* Sources */ = {
			isa = PBXGroup;
			children = (
				FEADC7DA164240E800CB7351 /* DNGlobal.m */,
				FE900557162282F80053C92D /* DNPacket.m */,
				FE900558162282F80053C92D /* DNSocket.m */,
				FE7D41FF162C54BE00A31780 /* DNKeySender.m */,
			);
			name = Sources;
			sourceTree = "<group>";
		};
		FE900554162282DA0053C92D /* Headers */ = {
			isa = PBXGroup;
			children = (
				FEADC7D9164240E800CB7351 /* DNGlobal.h */,
				FE900555162282F80053C92D /* DNPacket.h */,
				FE900556162282F80053C92D /* DNSocket.h */,
				FE7D41FE162C54BE00A31780 /* DNKeySender.h */,
			);
			name = Headers;
			sourceTree = "<group>";
		};
/* End PBXGroup section */

/* Begin PBXNativeTarget section */
		FE90053016227B390053C92D /* RemotePackReceiver */ = {
			isa = PBXNativeTarget;
			buildConfigurationList = FE90054F16227B3A0053C92D /* Build configuration list for PBXNativeTarget "RemotePackReceiver" */;
			buildPhases = (
				FE90052D16227B390053C92D /* Sources */,
				FE90052E16227B390053C92D /* Frameworks */,
				FE90052F16227B390053C92D /* Resources */,
			);
			buildRules = (
			);
			dependencies = (
			);
			name = RemotePackReceiver;
			productName = RemotePackReceiver;
			productReference = FE90053116227B390053C92D /* RemotePackReceiver.app */;
			productType = "com.apple.product-type.application";
		};
/* End PBXNativeTarget section */

/* Begin PBXProject section */
		FE90052816227B390053C92D /* Project object */ = {
			isa = PBXProject;
			attributes = {
				LastUpgradeCheck = 0450;
				ORGANIZATIONNAME = Daramkun;
			};
			buildConfigurationList = FE90052B16227B390053C92D /* Build configuration list for PBXProject "RemotePackReceiver" */;
			compatibilityVersion = "Xcode 3.2";
			developmentRegion = English;
			hasScannedForEncodings = 0;
			knownRegions = (
				en,
			);
			mainGroup = FE90052616227B390053C92D;
			productRefGroup = FE90053216227B390053C92D /* Products */;
			projectDirPath = "";
			projectRoot = "";
			targets = (
				FE90053016227B390053C92D /* RemotePackReceiver */,
			);
		};
/* End PBXProject section */

/* Begin PBXResourcesBuildPhase section */
		FE90052F16227B390053C92D /* Resources */ = {
			isa = PBXResourcesBuildPhase;
			buildActionMask = 2147483647;
			files = (
				FE90054016227B390053C92D /* InfoPlist.strings in Resources */,
				FE90054616227B390053C92D /* Credits.rtf in Resources */,
				FE90054C16227B3A0053C92D /* MainMenu.xib in Resources */,
				FEA08F9F1634D80C00E18670 /* rpr.iconset in Resources */,
			);
			runOnlyForDeploymentPostprocessing = 0;
		};
/* End PBXResourcesBuildPhase section */

/* Begin PBXSourcesBuildPhase section */
		FE90052D16227B390053C92D /* Sources */ = {
			isa = PBXSourcesBuildPhase;
			buildActionMask = 2147483647;
			files = (
				FE90054216227B390053C92D /* main.m in Sources */,
				FE90054916227B390053C92D /* AppDelegate.m in Sources */,
				FE37342616229BA00035F3C3 /* DNPacket.m in Sources */,
				FE37342716229BA00035F3C3 /* DNSocket.m in Sources */,
				FE7D4200162C54BE00A31780 /* DNKeySender.m in Sources */,
				FEADC7DB164240E800CB7351 /* DNGlobal.m in Sources */,
			);
			runOnlyForDeploymentPostprocessing = 0;
		};
/* End PBXSourcesBuildPhase section */

/* Begin PBXVariantGroup section */
		FE90053E16227B390053C92D /* InfoPlist.strings */ = {
			isa = PBXVariantGroup;
			children = (
				FE90053F16227B390053C92D /* en */,
			);
			name = InfoPlist.strings;
			sourceTree = "<group>";
		};
		FE90054416227B390053C92D /* Credits.rtf */ = {
			isa = PBXVariantGroup;
			children = (
				FE90054516227B390053C92D /* en */,
			);
			name = Credits.rtf;
			sourceTree = "<group>";
		};
		FE90054A16227B3A0053C92D /* MainMenu.xib */ = {
			isa = PBXVariantGroup;
			children = (
				FE90054B16227B3A0053C92D /* en */,
			);
			name = MainMenu.xib;
			sourceTree = "<group>";
		};
/* End PBXVariantGroup section */

/* Begin XCBuildConfiguration section */
		FE90054D16227B3A0053C92D /* Debug */ = {
			isa = XCBuildConfiguration;
			buildSettings = {
				ALWAYS_SEARCH_USER_PATHS = NO;
				ARCHS = "$(ARCHS_STANDARD_64_BIT)";
				CLANG_CXX_LANGUAGE_STANDARD = "gnu++0x";
				CLANG_CXX_LIBRARY = "libc++";
				CLANG_WARN_EMPTY_BODY = YES;
				CLANG_WARN__DUPLICATE_METHOD_MATCH = YES;
				COPY_PHASE_STRIP = NO;
				GCC_C_LANGUAGE_STANDARD = gnu99;
				GCC_DYNAMIC_NO_PIC = NO;
				GCC_ENABLE_OBJC_EXCEPTIONS = YES;
				GCC_OPTIMIZATION_LEVEL = 0;
				GCC_PREPROCESSOR_DEFINITIONS = (
					"DEBUG=1",
					"$(inherited)",
				);
				GCC_SYMBOLS_PRIVATE_EXTERN = NO;
				GCC_WARN_64_TO_32_BIT_CONVERSION = YES;
				GCC_WARN_ABOUT_RETURN_TYPE = YES;
				GCC_WARN_UNINITIALIZED_AUTOS = YES;
				GCC_WARN_UNUSED_VARIABLE = YES;
				MACOSX_DEPLOYMENT_TARGET = 10.8;
				ONLY_ACTIVE_ARCH = YES;
				SDKROOT = macosx;
			};
			name = Debug;
		};
		FE90054E16227B3A0053C92D /* Release */ = {
			isa = XCBuildConfiguration;
			buildSettings = {
				ALWAYS_SEARCH_USER_PATHS = NO;
				ARCHS = "$(ARCHS_STANDARD_64_BIT)";
				CLANG_CXX_LANGUAGE_STANDARD = "gnu++0x";
				CLANG_CXX_LIBRARY = "libc++";
				CLANG_WARN_EMPTY_BODY = YES;
				CLANG_WARN__DUPLICATE_METHOD_MATCH = YES;
				COPY_PHASE_STRIP = YES;
				DEBUG_INFORMATION_FORMAT = "dwarf-with-dsym";
				GCC_C_LANGUAGE_STANDARD = gnu99;
				GCC_ENABLE_OBJC_EXCEPTIONS = YES;
				GCC_WARN_64_TO_32_BIT_CONVERSION = YES;
				GCC_WARN_ABOUT_RETURN_TYPE = YES;
				GCC_WARN_UNINITIALIZED_AUTOS = YES;
				GCC_WARN_UNUSED_VARIABLE = YES;
				MACOSX_DEPLOYMENT_TARGET = 10.8;
				SDKROOT = macosx;
			};
			name = Release;
		};
		FE90055016227B3A0053C92D /* Debug */ = {
			isa = XCBuildConfiguration;
			buildSettings = {
				COMBINE_HIDPI_IMAGES = YES;
				GCC_PRECOMPILE_PREFIX_HEADER = YES;
				GCC_PREFIX_HEADER = "RemotePackReceiver/RemotePackReceiver-Prefix.pch";
				INFOPLIST_FILE = "RemotePackReceiver/RemotePackReceiver-Info.plist";
				MACOSX_DEPLOYMENT_TARGET = 10.7;
				PRODUCT_NAME = "$(TARGET_NAME)";
				WRAPPER_EXTENSION = app;
			};
			name = Debug;
		};
		FE90055116227B3A0053C92D /* Release */ = {
			isa = XCBuildConfiguration;
			buildSettings = {
				COMBINE_HIDPI_IMAGES = YES;
				GCC_PRECOMPILE_PREFIX_HEADER = YES;
				GCC_PREFIX_HEADER = "RemotePackReceiver/RemotePackReceiver-Prefix.pch";
				INFOPLIST_FILE = "RemotePackReceiver/RemotePackReceiver-Info.plist";
				MACOSX_DEPLOYMENT_TARGET = 10.7;
				PRODUCT_NAME = "$(TARGET_NAME)";
				WRAPPER_EXTENSION = app;
			};
			name = Release;
		};
/* End XCBuildConfiguration section */

/* Begin XCConfigurationList section */
		FE90052B16227B390053C92D /* Build configuration list for PBXProject "RemotePackReceiver" */ = {
			isa = XCConfigurationList;
			buildConfigurations = (
				FE90054D16227B3A0053C92D /* Debug */,
				FE90054E16227B3A0053C92D /* Release */,
			);
			defaultConfigurationIsVisible = 0;
			defaultConfigurationName = Release;
		};
		FE90054F16227B3A0053C92D /* Build configuration list for PBXNativeTarget "RemotePackReceiver" */ = {
			isa = XCConfigurationList;
			buildConfigurations = (
				FE90055016227B3A0053C92D /* Debug */,
				FE90055116227B3A0053C92D /* Release */,
			);
			defaultConfigurationIsVisible = 0;
			defaultConfigurationName = Release;
		};
/* End XCConfigurationList section */
	};
	rootObject = FE90052816227B390053C92D /* Project object */;
}
